{
  "name": "html5",
  "version": "1.0.0",
  "lockfileVersion": 1,
  "requires": true,
  "dependencies": {
    "@types/jquery": {
      "version": "3.3.22",
      "resolved": "https://registry.npmjs.org/@types/jquery/-/jquery-3.3.22.tgz",
      "integrity": "sha512-a4JDcIhJhHYnoWCkG3xT2CZxXZeA92JeREESorg0DMQ3ZsjuKF48h7XK4l5Gl2GRa/ItGRpKMT0pyK88yRgqXQ==",
      "dev": true,
      "requires": {
        "@types/sizzle": "2.3.2"
      }
    },
    "@types/matter-js": {
      "version": "0.10.2",
      "resolved": "https://registry.npmjs.org/@types/matter-js/-/matter-js-0.10.2.tgz",
      "integrity": "sha512-7zg46Fx+nPIZ+WlK0Xud8L2IKk9BsilA7hgw+60o75/hM0fnx5MgufCpNPQB+69N+0WFirX5fhoHdmYdzkwdGw==",
      "dev": true
    },
    "@types/pixi.js": {
      "version": "4.8.2",
      "resolved": "https://registry.npmjs.org/@types/pixi.js/-/pixi.js-4.8.2.tgz",
      "integrity": "sha512-W5ER6is/fjaFzzl1F+B8kw0mNu0LSCUKNwIWaIFRb24a9jHEnvNo/sL0L/vP/ryTAVCo7/ZTcE2f+zE7rVZBdA==",
      "dev": true
    },
    "@types/sizzle": {
      "version": "2.3.2",
      "resolved": "https://registry.npmjs.org/@types/sizzle/-/sizzle-2.3.2.tgz",
      "integrity": "sha512-7EJYyKTL7tFR8+gDbB6Wwz/arpGa0Mywk1TJbNzKzHtzbwVmY4HR9WqS5VV7dsBUKQmPNr192jHr/VpBluj/hg==",
      "dev": true
    },
    "gsap": {
      "version": "2.0.2",
      "resolved": "https://registry.npmjs.org/gsap/-/gsap-2.0.2.tgz",
      "integrity": "sha512-WyT0uuDNb+5xMccx4SsVcI1CwvIL0BPgP8TyJJmMWT/btGXUNtKesnkXFMMshYs37renFhDo1P5NEoizeonviQ==",
      "dev": true
    },
    "jquery": {
      "version": "3.3.1",
      "resolved": "https://registry.npmjs.org/jquery/-/jquery-3.3.1.tgz",
      "integrity": "sha512-Ubldcmxp5np52/ENotGxlLe6aGMvmF4R8S6tZjsP6Knsaxd/xp3Zrh50cG93lR6nPXyUFwzN3ZSOQI0wRJNdGg==",
      "dev": true
    },
    "matter-js": {
      "version": "0.14.2",
      "resolved": "https://registry.npmjs.org/matter-js/-/matter-js-0.14.2.tgz",
      "integrity": "sha512-3ttVT8cJlQnGRjBa8MyVrGyvGmnmOkZ3YsyemIw+KwEEdVi70mo32FH1Eta2b3GfdDJFbMDRqyMQt4heNKBUEA==",
      "dev": true
    },
    "pixi": {
      "version": "0.3.1",
      "resolved": "https://registry.npmjs.org/pixi/-/pixi-0.3.1.tgz",
      "integrity": "sha1-hYzWFkoyoeS0EZLN9cbZggkwC6g=",
      "dev": true
    }
  }
}
